
Microsoft Visual Studio Solution File, Format Version 12.00
# Visual Studio Version 16
VisualStudioVersion = 16.0.30320.27
MinimumVisualStudioVersion = 10.0.40219.1
Project("{FAE04EC0-301F-11D3-BF4B-00C04F79EFBC}") = "TracNghiemService", "TracNghiemService\TracNghiemService.csproj", "{A6AB7F36-EC4E-43EE-BC9A-333DC61549E1}"
EndProject
Global
	GlobalSection(SolutionConfigurationPlatforms) = preSolution
		Debug|Any CPU = Debug|Any CPU
		Release|Any CPU = Release|Any CPU
	EndGlobalSection
	GlobalSection(ProjectConfigurationPlatforms) = postSolution
		{A6AB7F36-EC4E-43EE-BC9A-333DC61549E1}.Debug|Any CPU.ActiveCfg = Debug|Any CPU
		{A6AB7F36-EC4E-43EE-BC9A-333DC61549E1}.Debug|Any CPU.Build.0 = Debug|Any CPU
		{A6AB7F36-EC4E-43EE-BC9A-333DC61549E1}.Release|Any CPU.ActiveCfg = Release|Any CPU
		{A6AB7F36-EC4E-43EE-BC9A-333DC61549E1}.Release|Any CPU.Build.0 = Release|Any CPU
	EndGlobalSection
	GlobalSection(SolutionProperties) = preSolution
		HideSolutionNode = FALSE
	EndGlobalSection
	GlobalSection(ExtensibilityGlobals) = postSolution
		SolutionGuid = {809719C5-D62D-4DFF-AE61-20E70A134702}
	EndGlobalSection
EndGlobal
